apiVersion: vendir.k14s.io/v1alpha1
directories:
- contents:
  - git:
      commitTitle: 'feat: add ''Information access'' category to retrospective skill
        for improved agent insights'
      sha: 6654f6b60cd9d5be8b54c6fafe44346dabeb3b76
      tags:
      - v1.2.3-39-g6654f6b
    path: .
  path: skills/ask-matt
- contents:
  - git:
      commitTitle: 'feat: add ''Information access'' category to retrospective skill
        for improved agent insights'
      sha: 6654f6b60cd9d5be8b54c6fafe44346dabeb3b76
      tags:
      - v1.2.3-39-g6654f6b
    path: .
  path: skills/claude-handoff
- contents:
  - git:
      commitTitle: 'feat: add ''Information access'' category to retrospective skill
        for improved agent insights'
      sha: 6654f6b60cd9d5be8b54c6fafe44346dabeb3b76
      tags:
      - v1.2.3-39-g6654f6b
    path: .
  path: skills/code-review
- contents:
  - git:
      commitTitle: 'feat: add ''Information access'' category to retrospective skill
        for improved agent insights'
      sha: 6654f6b60cd9d5be8b54c6fafe44346dabeb3b76
      tags:
      - v1.2.3-39-g6654f6b
    path: .
  path: skills/codebase-design
- contents:
  - git:
      commitTitle: 'feat: add ''Information access'' category to retrospective skill
        for improved agent insights'
      sha: 6654f6b60cd9d5be8b54c6fafe44346dabeb3b76
      tags:
      - v1.2.3-39-g6654f6b
    path: .
  path: skills/diagnosing-bugs
- contents:
  - git:
      commitTitle: 'feat: add ''Information access'' category to retrospective skill
        for improved agent insights'
      sha: 6654f6b60cd9d5be8b54c6fafe44346dabeb3b76
      tags:
      - v1.2.3-39-g6654f6b
    path: .
  path: skills/domain-modeling
- contents:
  - git:
      commitTitle: 'feat: add ''Information access'' category to retrospective skill
        for improved agent insights'
      sha: 6654f6b60cd9d5be8b54c6fafe44346dabeb3b76
      tags:
      - v1.2.3-39-g6654f6b
    path: .
  path: skills/grill-with-docs
- contents:
  - git:
      commitTitle: 'feat: add ''Information access'' category to retrospective skill
        for improved agent insights'
      sha: 6654f6b60cd9d5be8b54c6fafe44346dabeb3b76
      tags:
      - v1.2.3-39-g6654f6b
    path: .
  path: skills/grilling
- contents:
  - git:
      commitTitle: 'feat: add ''Information access'' category to retrospective skill
        for improved agent insights'
      sha: 6654f6b60cd9d5be8b54c6fafe44346dabeb3b76
      tags:
      - v1.2.3-39-g6654f6b
    path: .
  path: skills/implement
- contents:
  - git:
      commitTitle: 'feat: add ''Information access'' category to retrospective skill
        for improved agent insights'
      sha: 6654f6b60cd9d5be8b54c6fafe44346dabeb3b76
      tags:
      - v1.2.3-39-g6654f6b
    path: .
  path: skills/implement-spec
- contents:
  - git:
      commitTitle: 'feat: add ''Information access'' category to retrospective skill
        for improved agent insights'
      sha: 6654f6b60cd9d5be8b54c6fafe44346dabeb3b76
      tags:
      - v1.2.3-39-g6654f6b
    path: .
  path: skills/improve-codebase-architecture
- contents:
  - git:
      commitTitle: 'feat: add ''Information access'' category to retrospective skill
        for improved agent insights'
      sha: 6654f6b60cd9d5be8b54c6fafe44346dabeb3b76
      tags:
      - v1.2.3-39-g6654f6b
    path: .
  path: skills/loop-me
- contents:
  - git:
      commitTitle: 'feat: add ''Information access'' category to retrospective skill
        for improved agent insights'
      sha: 6654f6b60cd9d5be8b54c6fafe44346dabeb3b76
      tags:
      - v1.2.3-39-g6654f6b
    path: .
  path: skills/prototype
- contents:
  - git:
      commitTitle: 'feat: add ''Information access'' category to retrospective skill
        for improved agent insights'
      sha: 6654f6b60cd9d5be8b54c6fafe44346dabeb3b76
      tags:
      - v1.2.3-39-g6654f6b
    path: .
  path: skills/research
- contents:
  - git:
      commitTitle: 'feat: add ''Information access'' category to retrospective skill
        for improved agent insights'
      sha: 6654f6b60cd9d5be8b54c6fafe44346dabeb3b76
      tags:
      - v1.2.3-39-g6654f6b
    path: .
  path: skills/resolving-merge-conflicts
- contents:
  - git:
      commitTitle: 'feat: add ''Information access'' category to retrospective skill
        for improved agent insights'
      sha: 6654f6b60cd9d5be8b54c6fafe44346dabeb3b76
      tags:
      - v1.2.3-39-g6654f6b
    path: .
  path: skills/retro
- contents:
  - git:
      commitTitle: 'feat: add ''Information access'' category to retrospective skill
        for improved agent insights'
      sha: 6654f6b60cd9d5be8b54c6fafe44346dabeb3b76
      tags:
      - v1.2.3-39-g6654f6b
    path: .
  path: skills/tdd
- contents:
  - git:
      commitTitle: 'feat: add ''Information access'' category to retrospective skill
        for improved agent insights'
      sha: 6654f6b60cd9d5be8b54c6fafe44346dabeb3b76
      tags:
      - v1.2.3-39-g6654f6b
    path: .
  path: skills/to-spec
- contents:
  - git:
      commitTitle: 'feat: add ''Information access'' category to retrospective skill
        for improved agent insights'
      sha: 6654f6b60cd9d5be8b54c6fafe44346dabeb3b76
      tags:
      - v1.2.3-39-g6654f6b
    path: .
  path: skills/to-tickets
- contents:
  - git:
      commitTitle: 'feat: add ''Information access'' category to retrospective skill
        for improved agent insights'
      sha: 6654f6b60cd9d5be8b54c6fafe44346dabeb3b76
      tags:
      - v1.2.3-39-g6654f6b
    path: .
  path: skills/triage
- contents:
  - git:
      commitTitle: 'feat: add ''Information access'' category to retrospective skill
        for improved agent insights'
      sha: 6654f6b60cd9d5be8b54c6fafe44346dabeb3b76
      tags:
      - v1.2.3-39-g6654f6b
    path: .
  path: skills/wayfinder
- contents:
  - git:
      commitTitle: 'feat: add ''Information access'' category to retrospective skill
        for improved agent insights'
      sha: 6654f6b60cd9d5be8b54c6fafe44346dabeb3b76
      tags:
      - v1.2.3-39-g6654f6b
    path: .
  path: skills/wizard
- contents:
  - git:
      commitTitle: 'feat: add ''Information access'' category to retrospective skill
        for improved agent insights'
      sha: 6654f6b60cd9d5be8b54c6fafe44346dabeb3b76
      tags:
      - v1.2.3-39-g6654f6b
    path: .
  path: LICENSES/mattpocock-skills
kind: LockConfig
